schema: '2.0'
stages:
  load_data:
    cmd: python src/stage_01_load_and_save.py --config=params.yaml
    deps:
    - path: src/stage_01_load_and_save.py
      md5: 77c783da36e908354e4891b01fdb25d3
      size: 1018
    params:
      params.yaml:
        artifacts.raw_local_data: artifacts/raw_local_data_dir/data.csv
        data_source.s3_source: https://raw.githubusercontent.com/mlflow/mlflow-example/master/wine-quality.csv
    outs:
    - path: artifacts/raw_local_data_dir/data.csv
      md5: b56c9a78a7fcad87a58fc586bf5298bc
      size: 292287
  split_data:
    cmd: python src/stage_02_split.py --config=params.yaml
    deps:
    - path: artifacts/raw_local_data_dir/data.csv
      md5: b56c9a78a7fcad87a58fc586bf5298bc
      size: 292287
    - path: src/stage_02_split.py
      md5: d58d71b22f269d8d3afbc60a7b60ecbb
      size: 1327
    params:
      params.yaml:
        artifacts.raw_local_data: artifacts/raw_local_data_dir/data.csv
        artifacts.split_data.processed_data_dir: artifacts/processed_data
        artifacts.split_data.test_path: artifacts/processed_data/test.csv
        artifacts.split_data.train_path: artifacts/processed_data/train.csv
        base.random_state: 42
        base.test_size: 0.2
    outs:
    - path: artifacts/processed_data/test.csv
      md5: 119614f63d1326ce879023b3d217bb71
      size: 58606
    - path: artifacts/processed_data/train.csv
      md5: 9f2fb168bae2a2dde2a9c196f805ea11
      size: 233828
